
Microsoft Visual Studio Solution File, Format Version 12.00
# Visual Studio 15
VisualStudioVersion = 15.0.28307.329
MinimumVisualStudioVersion = 10.0.40219.1
Project("{FAE04EC0-301F-11D3-BF4B-00C04F79EFBC}") = "Delivery", "Delivery\Delivery.csproj", "{4586351D-3F00-44C6-87FC-1178F14709A3}"
EndProject
Global
	GlobalSection(SolutionConfigurationPlatforms) = preSolution
		Debug|Any CPU = Debug|Any CPU
		Release|Any CPU = Release|Any CPU
	EndGlobalSection
	GlobalSection(ProjectConfigurationPlatforms) = postSolution
		{4586351D-3F00-44C6-87FC-1178F14709A3}.Debug|Any CPU.ActiveCfg = Debug|Any CPU
		{4586351D-3F00-44C6-87FC-1178F14709A3}.Debug|Any CPU.Build.0 = Debug|Any CPU
		{4586351D-3F00-44C6-87FC-1178F14709A3}.Release|Any CPU.ActiveCfg = Release|Any CPU
		{4586351D-3F00-44C6-87FC-1178F14709A3}.Release|Any CPU.Build.0 = Release|Any CPU
	EndGlobalSection
	GlobalSection(SolutionProperties) = preSolution
		HideSolutionNode = FALSE
	EndGlobalSection
	GlobalSection(ExtensibilityGlobals) = postSolution
		SolutionGuid = {838AACAB-6A84-423E-93E9-869FB8EAE4A9}
	EndGlobalSection
EndGlobal
